// !$*UTF8*$!
{
	archiveVersion = 1;
	classes = {
	};
	objectVersion = 77;
	objects = {

/* Begin PBXBuildFile section */
		203DF5032D52B66E00BBB292 /* FirebaseFirestoreCombine-Community in Frameworks */ = {isa = PBXBuildFile; productRef = 203DF5022D52B66E00BBB292 /* FirebaseFirestoreCombine-Community */; };
		203DF5202D52E64400BBB292 /* FirebaseStorageCombine-Community in Frameworks */ = {isa = PBXBuildFile; productRef = 203DF51F2D52E64400BBB292 /* FirebaseStorageCombine-Community */; };
		20690A682D5172C7007F3A9B /* FirebaseAnalytics in Frameworks */ = {isa = PBXBuildFile; productRef = 20690A672D5172C7007F3A9B /* FirebaseAnalytics */; };
		20690A6A2D5172C7007F3A9B /* FirebaseAuthCombine-Community in Frameworks */ = {isa = PBXBuildFile; productRef = 20690A692D5172C7007F3A9B /* FirebaseAuthCombine-Community */; };
		20690A6C2D5172C7007F3A9B /* FirebaseCore in Frameworks */ = {isa = PBXBuildFile; productRef = 20690A6B2D5172C7007F3A9B /* FirebaseCore */; };
		20690A6E2D5172C7007F3A9B /* FirebaseCrashlytics in Frameworks */ = {isa = PBXBuildFile; productRef = 20690A6D2D5172C7007F3A9B /* FirebaseCrashlytics */; };
/* End PBXBuildFile section */

/* Begin PBXContainerItemProxy section */
		20690A482D513E11007F3A9B /* PBXContainerItemProxy */ = {
			isa = PBXContainerItemProxy;
			containerPortal = 20690A2F2D513E0F007F3A9B /* Project object */;
			proxyType = 1;
			remoteGlobalIDString = 20690A362D513E0F007F3A9B;
			remoteInfo = ReelAI;
		};
		20690A522D513E11007F3A9B /* PBXContainerItemProxy */ = {
			isa = PBXContainerItemProxy;
			containerPortal = 20690A2F2D513E0F007F3A9B /* Project object */;
			proxyType = 1;
			remoteGlobalIDString = 20690A362D513E0F007F3A9B;
			remoteInfo = ReelAI;
		};
/* End PBXContainerItemProxy section */

/* Begin PBXFileReference section */
		20690A372D513E0F007F3A9B /* ReelAI.app */ = {isa = PBXFileReference; explicitFileType = wrapper.application; includeInIndex = 0; path = ReelAI.app; sourceTree = BUILT_PRODUCTS_DIR; };
		20690A472D513E11007F3A9B /* ReelAITests.xctest */ = {isa = PBXFileReference; explicitFileType = wrapper.cfbundle; includeInIndex = 0; path = ReelAITests.xctest; sourceTree = BUILT_PRODUCTS_DIR; };
		20690A512D513E11007F3A9B /* ReelAIUITests.xctest */ = {isa = PBXFileReference; explicitFileType = wrapper.cfbundle; includeInIndex = 0; path = ReelAIUITests.xctest; sourceTree = BUILT_PRODUCTS_DIR; };
/* End PBXFileReference section */

/* Begin PBXFileSystemSynchronizedBuildFileExceptionSet section */
		203DF53A2D542A8400BBB292 /* Exceptions for "ReelAI" folder in "ReelAI" target */ = {
			isa = PBXFileSystemSynchronizedBuildFileExceptionSet;
			membershipExceptions = (
				Info.plist,
			);
			target = 20690A362D513E0F007F3A9B /* ReelAI */;
		};
/* End PBXFileSystemSynchronizedBuildFileExceptionSet section */

/* Begin PBXFileSystemSynchronizedRootGroup section */
		20690A392D513E0F007F3A9B /* ReelAI */ = {
			isa = PBXFileSystemSynchronizedRootGroup;
			exceptions = (
				203DF53A2D542A8400BBB292 /* Exceptions for "ReelAI" folder in "ReelAI" target */,
			);
			path = ReelAI;
			sourceTree = "<group>";
		};
		20690A4A2D513E11007F3A9B /* ReelAITests */ = {
			isa = PBXFileSystemSynchronizedRootGroup;
			path = ReelAITests;
			sourceTree = "<group>";
		};
		20690A542D513E11007F3A9B /* ReelAIUITests */ = {
			isa = PBXFileSystemSynchronizedRootGroup;
			path = ReelAIUITests;
			sourceTree = "<group>";
		};
/* End PBXFileSystemSynchronizedRootGroup section */

/* Begin PBXFrameworksBuildPhase section */
		20690A342D513E0F007F3A9B /* Frameworks */ = {
			isa = PBXFrameworksBuildPhase;
			buildActionMask = 2147483647;
			files = (
				20690A682D5172C7007F3A9B /* FirebaseAnalytics in Frameworks */,
				20690A6E2D5172C7007F3A9B /* FirebaseCrashlytics in Frameworks */,
				20690A6C2D5172C7007F3A9B /* FirebaseCore in Frameworks */,
				203DF5032D52B66E00BBB292 /* FirebaseFirestoreCombine-Community in Frameworks */,
				203DF5202D52E64400BBB292 /* FirebaseStorageCombine-Community in Frameworks */,
				20690A6A2D5172C7007F3A9B /* FirebaseAuthCombine-Community in Frameworks */,
			);
			runOnlyForDeploymentPostprocessing = 0;
		};
		20690A442D513E11007F3A9B /* Frameworks */ = {
			isa = PBXFrameworksBuildPhase;
			buildActionMask = 2147483647;
			files = (
			);
			runOnlyForDeploymentPostprocessing = 0;
		};
		20690A4E2D513E11007F3A9B /* Frameworks */ = {
			isa = PBXFrameworksBuildPhase;
			buildActionMask = 2147483647;
			files = (
			);
			runOnlyForDeploymentPostprocessing = 0;
		};
/* End PBXFrameworksBuildPhase section */

/* Begin PBXGroup section */
		20690A2E2D513E0F007F3A9B = {
			isa = PBXGroup;
			children = (
				20690A392D513E0F007F3A9B /* ReelAI */,
				20690A4A2D513E11007F3A9B /* ReelAITests */,
				20690A542D513E11007F3A9B /* ReelAIUITests */,
				20690A382D513E0F007F3A9B /* Products */,
			);
			sourceTree = "<group>";
		};
		20690A382D513E0F007F3A9B /* Products */ = {
			isa = PBXGroup;
			children = (
				20690A372D513E0F007F3A9B /* ReelAI.app */,
				20690A472D513E11007F3A9B /* ReelAITests.xctest */,
				20690A512D513E11007F3A9B /* ReelAIUITests.xctest */,
			);
			name = Products;
			sourceTree = "<group>";
		};
/* End PBXGroup section */

/* Begin PBXNativeTarget section */
		20690A362D513E0F007F3A9B /* ReelAI */ = {
			isa = PBXNativeTarget;
			buildConfigurationList = 20690A5B2D513E11007F3A9B /* Build configuration list for PBXNativeTarget "ReelAI" */;
			buildPhases = (
				20690A332D513E0F007F3A9B /* Sources */,
				20690A342D513E0F007F3A9B /* Frameworks */,
				20690A352D513E0F007F3A9B /* Resources */,
			);
			buildRules = (
			);
			dependencies = (
			);
			fileSystemSynchronizedGroups = (
				20690A392D513E0F007F3A9B /* ReelAI */,
			);
			name = ReelAI;
			packageProductDependencies = (
				20690A672D5172C7007F3A9B /* FirebaseAnalytics */,
				20690A692D5172C7007F3A9B /* FirebaseAuthCombine-Community */,
				20690A6B2D5172C7007F3A9B /* FirebaseCore */,
				20690A6D2D5172C7007F3A9B /* FirebaseCrashlytics */,
				203DF5022D52B66E00BBB292 /* FirebaseFirestoreCombine-Community */,
				203DF51F2D52E64400BBB292 /* FirebaseStorageCombine-Community */,
			);
			productName = ReelAI;
			productReference = 20690A372D513E0F007F3A9B /* ReelAI.app */;
			productType = "com.apple.product-type.application";
		};
		20690A462D513E11007F3A9B /* ReelAITests */ = {
			isa = PBXNativeTarget;
			buildConfigurationList = 20690A5E2D513E11007F3A9B /* Build configuration list for PBXNativeTarget "ReelAITests" */;
			buildPhases = (
				20690A432D513E11007F3A9B /* Sources */,
				20690A442D513E11007F3A9B /* Frameworks */,
				20690A452D513E11007F3A9B /* Resources */,
			);
			buildRules = (
			);
			dependencies = (
				20690A492D513E11007F3A9B /* PBXTargetDependency */,
			);
			fileSystemSynchronizedGroups = (
				20690A4A2D513E11007F3A9B /* ReelAITests */,
			);
			name = ReelAITests;
			packageProductDependencies = (
			);
			productName = ReelAITests;
			productReference = 20690A472D513E11007F3A9B /* ReelAITests.xctest */;
			productType = "com.apple.product-type.bundle.unit-test";
		};
		20690A502D513E11007F3A9B /* ReelAIUITests */ = {
			isa = PBXNativeTarget;
			buildConfigurationList = 20690A612D513E11007F3A9B /* Build configuration list for PBXNativeTarget "ReelAIUITests" */;
			buildPhases = (
				20690A4D2D513E11007F3A9B /* Sources */,
				20690A4E2D513E11007F3A9B /* Frameworks */,
				20690A4F2D513E11007F3A9B /* Resources */,
			);
			buildRules = (
			);
			dependencies = (
				20690A532D513E11007F3A9B /* PBXTargetDependency */,
			);
			fileSystemSynchronizedGroups = (
				20690A542D513E11007F3A9B /* ReelAIUITests */,
			);
			name = ReelAIUITests;
			packageProductDependencies = (
			);
			productName = ReelAIUITests;
			productReference = 20690A512D513E11007F3A9B /* ReelAIUITests.xctest */;
			productType = "com.apple.product-type.bundle.ui-testing";
		};
/* End PBXNativeTarget section */

/* Begin PBXProject section */
		20690A2F2D513E0F007F3A9B /* Project object */ = {
			isa = PBXProject;
			attributes = {
				BuildIndependentTargetsInParallel = 1;
				LastSwiftUpdateCheck = 1620;
				LastUpgradeCheck = 1620;
				TargetAttributes = {
					20690A362D513E0F007F3A9B = {
						CreatedOnToolsVersion = 16.2;
					};
					20690A462D513E11007F3A9B = {
						CreatedOnToolsVersion = 16.2;
						TestTargetID = 20690A362D513E0F007F3A9B;
					};
					20690A502D513E11007F3A9B = {
						CreatedOnToolsVersion = 16.2;
						TestTargetID = 20690A362D513E0F007F3A9B;
					};
				};
			};
			buildConfigurationList = 20690A322D513E0F007F3A9B /* Build configuration list for PBXProject "ReelAI" */;
			developmentRegion = en;
			hasScannedForEncodings = 0;
			knownRegions = (
				en,
				Base,
			);
			mainGroup = 20690A2E2D513E0F007F3A9B;
			minimizedProjectReferenceProxies = 1;
			packageReferences = (
				20690A662D5172C7007F3A9B /* XCRemoteSwiftPackageReference "firebase-ios-sdk" */,
			);
			preferredProjectObjectVersion = 77;
			productRefGroup = 20690A382D513E0F007F3A9B /* Products */;
			projectDirPath = "";
			projectRoot = "";
			targets = (
				20690A362D513E0F007F3A9B /* ReelAI */,
				20690A462D513E11007F3A9B /* ReelAITests */,
				20690A502D513E11007F3A9B /* ReelAIUITests */,
			);
		};
/* End PBXProject section */

/* Begin PBXResourcesBuildPhase section */
		20690A352D513E0F007F3A9B /* Resources */ = {
			isa = PBXResourcesBuildPhase;
			buildActionMask = 2147483647;
			files = (
			);
			runOnlyForDeploymentPostprocessing = 0;
		};
		20690A452D513E11007F3A9B /* Resources */ = {
			isa = PBXResourcesBuildPhase;
			buildActionMask = 2147483647;
			files = (
			);
			runOnlyForDeploymentPostprocessing = 0;
		};
		20690A4F2D513E11007F3A9B /* Resources */ = {
			isa = PBXResourcesBuildPhase;
			buildActionMask = 2147483647;
			files = (
			);
			runOnlyForDeploymentPostprocessing = 0;
		};
/* End PBXResourcesBuildPhase section */

/* Begin PBXSourcesBuildPhase section */
		20690A332D513E0F007F3A9B /* Sources */ = {
			isa = PBXSourcesBuildPhase;
			buildActionMask = 2147483647;
			files = (
			);
			runOnlyForDeploymentPostprocessing = 0;
		};
		20690A432D513E11007F3A9B /* Sources */ = {
			isa = PBXSourcesBuildPhase;
			buildActionMask = 2147483647;
			files = (
			);
			runOnlyForDeploymentPostprocessing = 0;
		};
		20690A4D2D513E11007F3A9B /* Sources */ = {
			isa = PBXSourcesBuildPhase;
			buildActionMask = 2147483647;
			files = (
			);
			runOnlyForDeploymentPostprocessing = 0;
		};
/* End PBXSourcesBuildPhase section */

/* Begin PBXTargetDependency section */
		20690A492D513E11007F3A9B /* PBXTargetDependency */ = {
			isa = PBXTargetDependency;
			target = 20690A362D513E0F007F3A9B /* ReelAI */;
			targetProxy = 20690A482D513E11007F3A9B /* PBXContainerItemProxy */;
		};
		20690A532D513E11007F3A9B /* PBXTargetDependency */ = {
			isa = PBXTargetDependency;
			target = 20690A362D513E0F007F3A9B /* ReelAI */;
			targetProxy = 20690A522D513E11007F3A9B /* PBXContainerItemProxy */;
		};
/* End PBXTargetDependency section */

/* Begin XCBuildConfiguration section */
		20690A592D513E11007F3A9B /* Debug */ = {
			isa = XCBuildConfiguration;
			buildSettings = {
				ALWAYS_SEARCH_USER_PATHS = NO;
				ASSETCATALOG_COMPILER_GENERATE_SWIFT_ASSET_SYMBOL_EXTENSIONS = YES;
				CLANG_ANALYZER_NONNULL = YES;
				CLANG_ANALYZER_NUMBER_OBJECT_CONVERSION = YES_AGGRESSIVE;
				CLANG_CXX_LANGUAGE_STANDARD = "gnu++20";
				CLANG_ENABLE_MODULES = YES;
				CLANG_ENABLE_OBJC_ARC = YES;
				CLANG_ENABLE_OBJC_WEAK = YES;
				CLANG_WARN_BLOCK_CAPTURE_AUTORELEASING = YES;
				CLANG_WARN_BOOL_CONVERSION = YES;
				CLANG_WARN_COMMA = YES;
				CLANG_WARN_CONSTANT_CONVERSION = YES;
				CLANG_WARN_DEPRECATED_OBJC_IMPLEMENTATIONS = YES;
				CLANG_WARN_DIRECT_OBJC_ISA_USAGE = YES_ERROR;
				CLANG_WARN_DOCUMENTATION_COMMENTS = YES;
				CLANG_WARN_EMPTY_BODY = YES;
				CLANG_WARN_ENUM_CONVERSION = YES;
				CLANG_WARN_INFINITE_RECURSION = YES;
				CLANG_WARN_INT_CONVERSION = YES;
				CLANG_WARN_NON_LITERAL_NULL_CONVERSION = YES;
				CLANG_WARN_OBJC_IMPLICIT_RETAIN_SELF = YES;
				CLANG_WARN_OBJC_LITERAL_CONVERSION = YES;
				CLANG_WARN_OBJC_ROOT_CLASS = YES_ERROR;
				CLANG_WARN_QUOTED_INCLUDE_IN_FRAMEWORK_HEADER = YES;
				CLANG_WARN_RANGE_LOOP_ANALYSIS = YES;
				CLANG_WARN_STRICT_PROTOTYPES = YES;
				CLANG_WARN_SUSPICIOUS_MOVE = YES;
				CLANG_WARN_UNGUARDED_AVAILABILITY = YES_AGGRESSIVE;
				CLANG_WARN_UNREACHABLE_CODE = YES;
				CLANG_WARN__DUPLICATE_METHOD_MATCH = YES;
				COPY_PHASE_STRIP = NO;
				DEBUG_INFORMATION_FORMAT = dwarf;
				ENABLE_STRICT_OBJC_MSGSEND = YES;
				ENABLE_TESTABILITY = YES;
				ENABLE_USER_SCRIPT_SANDBOXING = YES;
				GCC_C_LANGUAGE_STANDARD = gnu17;
				GCC_DYNAMIC_NO_PIC = NO;
				GCC_NO_COMMON_BLOCKS = YES;
				GCC_OPTIMIZATION_LEVEL = 0;
				GCC_PREPROCESSOR_DEFINITIONS = (
					"DEBUG=1",
					"$(inherited)",
				);
				GCC_WARN_64_TO_32_BIT_CONVERSION = YES;
				GCC_WARN_ABOUT_RETURN_TYPE = YES_ERROR;
				GCC_WARN_UNDECLARED_SELECTOR = YES;
				GCC_WARN_UNINITIALIZED_AUTOS = YES_AGGRESSIVE;
				GCC_WARN_UNUSED_FUNCTION = YES;
				GCC_WARN_UNUSED_VARIABLE = YES;
				IPHONEOS_DEPLOYMENT_TARGET = 18.2;
				LOCALIZATION_PREFERS_STRING_CATALOGS = YES;
				MTL_ENABLE_DEBUG_INFO = INCLUDE_SOURCE;
				MTL_FAST_MATH = YES;
				ONLY_ACTIVE_ARCH = YES;
				SDKROOT = iphoneos;
				SWIFT_ACTIVE_COMPILATION_CONDITIONS = "DEBUG $(inherited)";
				SWIFT_OPTIMIZATION_LEVEL = "-Onone";
			};
			name = Debug;
		};
		20690A5A2D513E11007F3A9B /* Release */ = {
			isa = XCBuildConfiguration;
			buildSettings = {
				ALWAYS_SEARCH_USER_PATHS = NO;
				ASSETCATALOG_COMPILER_GENERATE_SWIFT_ASSET_SYMBOL_EXTENSIONS = YES;
				CLANG_ANALYZER_NONNULL = YES;
				CLANG_ANALYZER_NUMBER_OBJECT_CONVERSION = YES_AGGRESSIVE;
				CLANG_CXX_LANGUAGE_STANDARD = "gnu++20";
				CLANG_ENABLE_MODULES = YES;
				CLANG_ENABLE_OBJC_ARC = YES;
				CLANG_ENABLE_OBJC_WEAK = YES;
				CLANG_WARN_BLOCK_CAPTURE_AUTORELEASING = YES;
				CLANG_WARN_BOOL_CONVERSION = YES;
				CLANG_WARN_COMMA = YES;
				CLANG_WARN_CONSTANT_CONVERSION = YES;
				CLANG_WARN_DEPRECATED_OBJC_IMPLEMENTATIONS = YES;
				CLANG_WARN_DIRECT_OBJC_ISA_USAGE = YES_ERROR;
				CLANG_WARN_DOCUMENTATION_COMMENTS = YES;
				CLANG_WARN_EMPTY_BODY = YES;
				CLANG_WARN_ENUM_CONVERSION = YES;
				CLANG_WARN_INFINITE_RECURSION = YES;
				CLANG_WARN_INT_CONVERSION = YES;
				CLANG_WARN_NON_LITERAL_NULL_CONVERSION = YES;
				CLANG_WARN_OBJC_IMPLICIT_RETAIN_SELF = YES;
				CLANG_WARN_OBJC_LITERAL_CONVERSION = YES;
				CLANG_WARN_OBJC_ROOT_CLASS = YES_ERROR;
				CLANG_WARN_QUOTED_INCLUDE_IN_FRAMEWORK_HEADER = YES;
				CLANG_WARN_RANGE_LOOP_ANALYSIS = YES;
				CLANG_WARN_STRICT_PROTOTYPES = YES;
				CLANG_WARN_SUSPICIOUS_MOVE = YES;
				CLANG_WARN_UNGUARDED_AVAILABILITY = YES_AGGRESSIVE;
				CLANG_WARN_UNREACHABLE_CODE = YES;
				CLANG_WARN__DUPLICATE_METHOD_MATCH = YES;
				COPY_PHASE_STRIP = NO;
				DEBUG_INFORMATION_FORMAT = "dwarf-with-dsym";
				ENABLE_NS_ASSERTIONS = NO;
				ENABLE_STRICT_OBJC_MSGSEND = YES;
				ENABLE_USER_SCRIPT_SANDBOXING = YES;
				GCC_C_LANGUAGE_STANDARD = gnu17;
				GCC_NO_COMMON_BLOCKS = YES;
				GCC_WARN_64_TO_32_BIT_CONVERSION = YES;
				GCC_WARN_ABOUT_RETURN_TYPE = YES_ERROR;
				GCC_WARN_UNDECLARED_SELECTOR = YES;
				GCC_WARN_UNINITIALIZED_AUTOS = YES_AGGRESSIVE;
				GCC_WARN_UNUSED_FUNCTION = YES;
				GCC_WARN_UNUSED_VARIABLE = YES;
				IPHONEOS_DEPLOYMENT_TARGET = 18.2;
				LOCALIZATION_PREFERS_STRING_CATALOGS = YES;
				MTL_ENABLE_DEBUG_INFO = NO;
				MTL_FAST_MATH = YES;
				SDKROOT = iphoneos;
				SWIFT_COMPILATION_MODE = wholemodule;
				VALIDATE_PRODUCT = YES;
			};
			name = Release;
		};
		20690A5C2D513E11007F3A9B /* Debug */ = {
			isa = XCBuildConfiguration;
			buildSettings = {
				ASSETCATALOG_COMPILER_APPICON_NAME = AppIcon;
				ASSETCATALOG_COMPILER_GLOBAL_ACCENT_COLOR_NAME = AccentColor;
				CODE_SIGN_STYLE = Automatic;
				CURRENT_PROJECT_VERSION = 1;
				DEVELOPMENT_ASSET_PATHS = "\"ReelAI/Preview Content\"";
				DEVELOPMENT_TEAM = JT43SMUL3F;
				ENABLE_PREVIEWS = YES;
				GENERATE_INFOPLIST_FILE = YES;
				INFOPLIST_FILE = ReelAI/Info.plist;
				INFOPLIST_KEY_NSCameraUsageDescription = "We record camera video and audio when you record your own clips.";
				INFOPLIST_KEY_NSMicrophoneUsageDescription = "We need this for your recordings.";
				INFOPLIST_KEY_NSPhotoLibraryAddUsageDescription = "To save to your photo library";
				INFOPLIST_KEY_NSPhotoLibraryUsageDescription = "For the photo gallery";
				INFOPLIST_KEY_UIApplicationSceneManifest_Generation = YES;
				INFOPLIST_KEY_UIApplicationSupportsIndirectInputEvents = YES;
				INFOPLIST_KEY_UILaunchScreen_Generation = YES;
				INFOPLIST_KEY_UISupportedInterfaceOrientations = UIInterfaceOrientationPortrait;
				LD_RUNPATH_SEARCH_PATHS = (
					"$(inherited)",
					"@executable_path/Frameworks",
				);
				MARKETING_VERSION = 1.0;
				PRODUCT_BUNDLE_IDENTIFIER = com.edgineer.ReelAI;
				PRODUCT_NAME = "$(TARGET_NAME)";
				SWIFT_EMIT_LOC_STRINGS = YES;
				SWIFT_VERSION = 5.0;
				TARGETED_DEVICE_FAMILY = "1,2";
			};
			name = Debug;
		};
		20690A5D2D513E11007F3A9B /* Release */ = {
			isa = XCBuildConfiguration;
			buildSettings = {
				ASSETCATALOG_COMPILER_APPICON_NAME = AppIcon;
				ASSETCATALOG_COMPILER_GLOBAL_ACCENT_COLOR_NAME = AccentColor;
				CODE_SIGN_STYLE = Automatic;
				CURRENT_PROJECT_VERSION = 1;
				DEVELOPMENT_ASSET_PATHS = "\"ReelAI/Preview Content\"";
				DEVELOPMENT_TEAM = JT43SMUL3F;
				ENABLE_PREVIEWS = YES;
				GENERATE_INFOPLIST_FILE = YES;
				INFOPLIST_FILE = ReelAI/Info.plist;
				INFOPLIST_KEY_NSCameraUsageDescription = "We record camera video and audio when you record your own clips.";
				INFOPLIST_KEY_NSMicrophoneUsageDescription = "We need this for your recordings.";
				INFOPLIST_KEY_NSPhotoLibraryAddUsageDescription = "To save to your photo library";
				INFOPLIST_KEY_NSPhotoLibraryUsageDescription = "For the photo gallery";
				INFOPLIST_KEY_UIApplicationSceneManifest_Generation = YES;
				INFOPLIST_KEY_UIApplicationSupportsIndirectInputEvents = YES;
				INFOPLIST_KEY_UILaunchScreen_Generation = YES;
				INFOPLIST_KEY_UISupportedInterfaceOrientations = UIInterfaceOrientationPortrait;
				LD_RUNPATH_SEARCH_PATHS = (
					"$(inherited)",
					"@executable_path/Frameworks",
				);
				MARKETING_VERSION = 1.0;
				PRODUCT_BUNDLE_IDENTIFIER = com.edgineer.ReelAI;
				PRODUCT_NAME = "$(TARGET_NAME)";
				SWIFT_EMIT_LOC_STRINGS = YES;
				SWIFT_VERSION = 5.0;
				TARGETED_DEVICE_FAMILY = "1,2";
			};
			name = Release;
		};
		20690A5F2D513E11007F3A9B /* Debug */ = {
			isa = XCBuildConfiguration;
			buildSettings = {
				BUNDLE_LOADER = "$(TEST_HOST)";
				CODE_SIGN_STYLE = Automatic;
				CURRENT_PROJECT_VERSION = 1;
				GENERATE_INFOPLIST_FILE = YES;
				INFOPLIST_KEY_NSCameraUsageDescription = "We record audio and video when you choose to record your own clip.";
				IPHONEOS_DEPLOYMENT_TARGET = 18.2;
				MARKETING_VERSION = 1.0;
				PRODUCT_BUNDLE_IDENTIFIER = com.kstrikis.ReelAITests;
				PRODUCT_NAME = "$(TARGET_NAME)";
				SWIFT_EMIT_LOC_STRINGS = NO;
				SWIFT_VERSION = 5.0;
				TARGETED_DEVICE_FAMILY = "1,2";
				TEST_HOST = "$(BUILT_PRODUCTS_DIR)/ReelAI.app/$(BUNDLE_EXECUTABLE_FOLDER_PATH)/ReelAI";
			};
			name = Debug;
		};
		20690A602D513E11007F3A9B /* Release */ = {
			isa = XCBuildConfiguration;
			buildSettings = {
				BUNDLE_LOADER = "$(TEST_HOST)";
				CODE_SIGN_STYLE = Automatic;
				CURRENT_PROJECT_VERSION = 1;
				GENERATE_INFOPLIST_FILE = YES;
				INFOPLIST_KEY_NSCameraUsageDescription = "We record audio and video when you choose to record your own clip.";
				IPHONEOS_DEPLOYMENT_TARGET = 18.2;
				MARKETING_VERSION = 1.0;
				PRODUCT_BUNDLE_IDENTIFIER = com.kstrikis.ReelAITests;
				PRODUCT_NAME = "$(TARGET_NAME)";
				SWIFT_EMIT_LOC_STRINGS = NO;
				SWIFT_VERSION = 5.0;
				TARGETED_DEVICE_FAMILY = "1,2";
				TEST_HOST = "$(BUILT_PRODUCTS_DIR)/ReelAI.app/$(BUNDLE_EXECUTABLE_FOLDER_PATH)/ReelAI";
			};
			name = Release;
		};
		20690A622D513E11007F3A9B /* Debug */ = {
			isa = XCBuildConfiguration;
			buildSettings = {
				CODE_SIGN_STYLE = Automatic;
				CURRENT_PROJECT_VERSION = 1;
				FRAMEWORK_SEARCH_PATHS = "$(PLATFORM_DIR)/Developer/Library/Frameworks";
				GENERATE_INFOPLIST_FILE = YES;
				MARKETING_VERSION = 1.0;
				PRODUCT_BUNDLE_IDENTIFIER = com.kstrikis.ReelAIUITests;
				PRODUCT_NAME = "$(TARGET_NAME)";
				SWIFT_EMIT_LOC_STRINGS = NO;
				SWIFT_INCLUDE_PATHS = "$(PLATFORM_DIR)/Developer/usr/lib";
				SWIFT_VERSION = 5.0;
				TARGETED_DEVICE_FAMILY = "1,2";
				TEST_TARGET_NAME = ReelAI;
			};
			name = Debug;
		};
		20690A632D513E11007F3A9B /* Release */ = {
			isa = XCBuildConfiguration;
			buildSettings = {
				CODE_SIGN_STYLE = Automatic;
				CURRENT_PROJECT_VERSION = 1;
				FRAMEWORK_SEARCH_PATHS = "$(PLATFORM_DIR)/Developer/Library/Frameworks";
				GENERATE_INFOPLIST_FILE = YES;
				MARKETING_VERSION = 1.0;
				PRODUCT_BUNDLE_IDENTIFIER = com.kstrikis.ReelAIUITests;
				PRODUCT_NAME = "$(TARGET_NAME)";
				SWIFT_EMIT_LOC_STRINGS = NO;
				SWIFT_INCLUDE_PATHS = "$(PLATFORM_DIR)/Developer/usr/lib";
				SWIFT_VERSION = 5.0;
				TARGETED_DEVICE_FAMILY = "1,2";
				TEST_TARGET_NAME = ReelAI;
			};
			name = Release;
		};
/* End XCBuildConfiguration section */

/* Begin XCConfigurationList section */
		20690A322D513E0F007F3A9B /* Build configuration list for PBXProject "ReelAI" */ = {
			isa = XCConfigurationList;
			buildConfigurations = (
				20690A592D513E11007F3A9B /* Debug */,
				20690A5A2D513E11007F3A9B /* Release */,
			);
			defaultConfigurationIsVisible = 0;
			defaultConfigurationName = Release;
		};
		20690A5B2D513E11007F3A9B /* Build configuration list for PBXNativeTarget "ReelAI" */ = {
			isa = XCConfigurationList;
			buildConfigurations = (
				20690A5C2D513E11007F3A9B /* Debug */,
				20690A5D2D513E11007F3A9B /* Release */,
			);
			defaultConfigurationIsVisible = 0;
			defaultConfigurationName = Release;
		};
		20690A5E2D513E11007F3A9B /* Build configuration list for PBXNativeTarget "ReelAITests" */ = {
			isa = XCConfigurationList;
			buildConfigurations = (
				20690A5F2D513E11007F3A9B /* Debug */,
				20690A602D513E11007F3A9B /* Release */,
			);
			defaultConfigurationIsVisible = 0;
			defaultConfigurationName = Release;
		};
		20690A612D513E11007F3A9B /* Build configuration list for PBXNativeTarget "ReelAIUITests" */ = {
			isa = XCConfigurationList;
			buildConfigurations = (
				20690A622D513E11007F3A9B /* Debug */,
				20690A632D513E11007F3A9B /* Release */,
			);
			defaultConfigurationIsVisible = 0;
			defaultConfigurationName = Release;
		};
/* End XCConfigurationList section */

/* Begin XCRemoteSwiftPackageReference section */
		20690A662D5172C7007F3A9B /* XCRemoteSwiftPackageReference "firebase-ios-sdk" */ = {
			isa = XCRemoteSwiftPackageReference;
			repositoryURL = "https://github.com/firebase/firebase-ios-sdk";
			requirement = {
				kind = upToNextMajorVersion;
				minimumVersion = 11.8.0;
			};
		};
/* End XCRemoteSwiftPackageReference section */

/* Begin XCSwiftPackageProductDependency section */
		203DF5022D52B66E00BBB292 /* FirebaseFirestoreCombine-Community */ = {
			isa = XCSwiftPackageProductDependency;
			package = 20690A662D5172C7007F3A9B /* XCRemoteSwiftPackageReference "firebase-ios-sdk" */;
			productName = "FirebaseFirestoreCombine-Community";
		};
		203DF51F2D52E64400BBB292 /* FirebaseStorageCombine-Community */ = {
			isa = XCSwiftPackageProductDependency;
			package = 20690A662D5172C7007F3A9B /* XCRemoteSwiftPackageReference "firebase-ios-sdk" */;
			productName = "FirebaseStorageCombine-Community";
		};
		20690A672D5172C7007F3A9B /* FirebaseAnalytics */ = {
			isa = XCSwiftPackageProductDependency;
			package = 20690A662D5172C7007F3A9B /* XCRemoteSwiftPackageReference "firebase-ios-sdk" */;
			productName = FirebaseAnalytics;
		};
		20690A692D5172C7007F3A9B /* FirebaseAuthCombine-Community */ = {
			isa = XCSwiftPackageProductDependency;
			package = 20690A662D5172C7007F3A9B /* XCRemoteSwiftPackageReference "firebase-ios-sdk" */;
			productName = "FirebaseAuthCombine-Community";
		};
		20690A6B2D5172C7007F3A9B /* FirebaseCore */ = {
			isa = XCSwiftPackageProductDependency;
			package = 20690A662D5172C7007F3A9B /* XCRemoteSwiftPackageReference "firebase-ios-sdk" */;
			productName = FirebaseCore;
		};
		20690A6D2D5172C7007F3A9B /* FirebaseCrashlytics */ = {
			isa = XCSwiftPackageProductDependency;
			package = 20690A662D5172C7007F3A9B /* XCRemoteSwiftPackageReference "firebase-ios-sdk" */;
			productName = FirebaseCrashlytics;
		};
/* End XCSwiftPackageProductDependency section */
	};
	rootObject = 20690A2F2D513E0F007F3A9B /* Project object */;
}
